# THIS IS AN AUTOGENERATED FILE. DO NOT EDIT THIS FILE DIRECTLY.
# yarn lockfile v1


soket.io@^0.0.1-security:
  version "0.0.1-security"
  resolved "https://registry.yarnpkg.com/soket.io/-/soket.io-0.0.1-security.tgz#0c144d468425a3e89031b8be5e668b00f55fd423"
  integrity sha512-BMlCJfgZA5gKjP/MG08ydjx5RceBEGO++mv8dGq8RQaFE77Ilk1m8limVGOqLnmXMc8xmwcAqFwp8McpvqgF1g==
